
Microsoft Visual Studio Solution File, Format Version 12.00
# Visual Studio 2013
VisualStudioVersion = 12.0.30723.0
MinimumVisualStudioVersion = 10.0.40219.1
Project("{FAE04EC0-301F-11D3-BF4B-00C04F79EFBC}") = "MatrixService", "MatrixService\MatrixService.csproj", "{EC9B31E3-1529-4185-A484-B8F030B85756}"
EndProject
Project("{FAE04EC0-301F-11D3-BF4B-00C04F79EFBC}") = "MatrixService.Client", "MatrixServiceClient\MatrixService.Client.csproj", "{B559CCAB-A32B-42FC-9FCA-9865118B7EDD}"
EndProject
Project("{FAE04EC0-301F-11D3-BF4B-00C04F79EFBC}") = "GenerateMatrixService", "GenerateMatrixService\GenerateMatrixService.csproj", "{CEAF5DE3-910B-4961-83A4-D97DA5A0A128}"
EndProject
Project("{FAE04EC0-301F-11D3-BF4B-00C04F79EFBC}") = "MatrixService.Common", "MatrixService\MatrixService.Common\MatrixService.Common.csproj", "{16E85412-F68B-43D9-9C75-02538896B293}"
EndProject
Global
	GlobalSection(SolutionConfigurationPlatforms) = preSolution
		Debug|Any CPU = Debug|Any CPU
		Release|Any CPU = Release|Any CPU
	EndGlobalSection
	GlobalSection(ProjectConfigurationPlatforms) = postSolution
		{EC9B31E3-1529-4185-A484-B8F030B85756}.Debug|Any CPU.ActiveCfg = Debug|Any CPU
		{EC9B31E3-1529-4185-A484-B8F030B85756}.Debug|Any CPU.Build.0 = Debug|Any CPU
		{EC9B31E3-1529-4185-A484-B8F030B85756}.Release|Any CPU.ActiveCfg = Release|Any CPU
		{EC9B31E3-1529-4185-A484-B8F030B85756}.Release|Any CPU.Build.0 = Release|Any CPU
		{B559CCAB-A32B-42FC-9FCA-9865118B7EDD}.Debug|Any CPU.ActiveCfg = Debug|Any CPU
		{B559CCAB-A32B-42FC-9FCA-9865118B7EDD}.Debug|Any CPU.Build.0 = Debug|Any CPU
		{B559CCAB-A32B-42FC-9FCA-9865118B7EDD}.Release|Any CPU.ActiveCfg = Release|Any CPU
		{B559CCAB-A32B-42FC-9FCA-9865118B7EDD}.Release|Any CPU.Build.0 = Release|Any CPU
		{CEAF5DE3-910B-4961-83A4-D97DA5A0A128}.Debug|Any CPU.ActiveCfg = Debug|Any CPU
		{CEAF5DE3-910B-4961-83A4-D97DA5A0A128}.Debug|Any CPU.Build.0 = Debug|Any CPU
		{CEAF5DE3-910B-4961-83A4-D97DA5A0A128}.Release|Any CPU.ActiveCfg = Release|Any CPU
		{CEAF5DE3-910B-4961-83A4-D97DA5A0A128}.Release|Any CPU.Build.0 = Release|Any CPU
		{16E85412-F68B-43D9-9C75-02538896B293}.Debug|Any CPU.ActiveCfg = Debug|Any CPU
		{16E85412-F68B-43D9-9C75-02538896B293}.Debug|Any CPU.Build.0 = Debug|Any CPU
		{16E85412-F68B-43D9-9C75-02538896B293}.Release|Any CPU.ActiveCfg = Release|Any CPU
		{16E85412-F68B-43D9-9C75-02538896B293}.Release|Any CPU.Build.0 = Release|Any CPU
	EndGlobalSection
	GlobalSection(SolutionProperties) = preSolution
		HideSolutionNode = FALSE
	EndGlobalSection
EndGlobal
